{
  "version": 4,
  "terraform_version": "1.6.4",
  "serial": 5,
  "lineage": "96fb2a64-aced-632e-35f5-592f974f0a57",
  "outputs": {},
  "resources": [
    {
      "mode": "managed",
      "type": "aws_glue_connection",
      "name": "sample_jdbc_connection",
      "provider": "provider[\"registry.terraform.io/hashicorp/aws\"]",
      "instances": [
        {
          "schema_version": 0,
          "attributes": {
            "arn": "arn:aws:glue:us-east-1:036249831903:connection/test-jdbc-connection",
            "catalog_id": "036249831903",
            "connection_properties": {
              "JDBC_CONNECTION_URL": "jdbc:mysql://your-database-host:3306/your_database",
              "PASSWORD": "your_password",
              "USERNAME": "your_username"
            },
            "connection_type": "JDBC",
            "description": "sample JDBC connection",
            "id": "036249831903:test-jdbc-connection",
            "match_criteria": [],
            "name": "test-jdbc-connection",
            "physical_connection_requirements": [
              {
                "availability_zone": "",
                "security_group_id_list": [
                  "sgr-0c4a2edcd1a642f69"
                ],
                "subnet_id": "subnet-0940e60ed703d2312"
              }
            ],
            "tags": {},
            "tags_all": {}
          },
          "sensitive_attributes": [],
          "private": "bnVsbA=="
        }
      ]
    }
  ],
  "check_results": null
}
