{
  "version": 4,
  "terraform_version": "1.6.4",
  "serial": 18,
  "lineage": "7d6a51f7-010d-ed59-5339-6320a8cdf8b1",
  "outputs": {},
  "resources": [
    {
      "mode": "data",
      "type": "aws_iam_policy_document",
      "name": "data_lake_policy",
      "provider": "provider[\"registry.terraform.io/hashicorp/aws\"]",
      "instances": [
        {
          "schema_version": 0,
          "attributes": {
            "id": "3827984380",
            "json": "{\n  \"Version\": \"2012-10-17\",\n  \"Statement\": [\n    {\n      \"Effect\": \"Allow\",\n      \"Action\": [\n        \"s3:PutObject\",\n        \"s3:GetObject\",\n        \"s3:DeleteObject\"\n      ],\n      \"Resource\": \"arn:aws:s3:::test-mwaa-shakeout/*\"\n    },\n    {\n      \"Effect\": \"Allow\",\n      \"Action\": \"s3:ListBucket\",\n      \"Resource\": [\n        \"arn:aws:s3:::test-mwaa-shakeout/\",\n        \"arn:aws:s3:::awsglue-datasets/\"\n      ]\n    },\n    {\n      \"Effect\": \"Allow\",\n      \"Action\": \"s3:GetObject\",\n      \"Resource\": \"arn:aws:s3:::awsglue-datasets/*\"\n    }\n  ]\n}",
            "override_json": null,
            "override_policy_documents": null,
            "policy_id": null,
            "source_json": null,
            "source_policy_documents": null,
            "statement": [
              {
                "actions": [
                  "s3:DeleteObject",
                  "s3:GetObject",
                  "s3:PutObject"
                ],
                "condition": [],
                "effect": "Allow",
                "not_actions": [],
                "not_principals": [],
                "not_resources": [],
                "principals": [],
                "resources": [
                  "arn:aws:s3:::test-mwaa-shakeout/*"
                ],
                "sid": ""
              },
              {
                "actions": [
                  "s3:ListBucket"
                ],
                "condition": [],
                "effect": "Allow",
                "not_actions": [],
                "not_principals": [],
                "not_resources": [],
                "principals": [],
                "resources": [
                  "arn:aws:s3:::awsglue-datasets/",
                  "arn:aws:s3:::test-mwaa-shakeout/"
                ],
                "sid": ""
              },
              {
                "actions": [
                  "s3:GetObject"
                ],
                "condition": [],
                "effect": "Allow",
                "not_actions": [],
                "not_principals": [],
                "not_resources": [],
                "principals": [],
                "resources": [
                  "arn:aws:s3:::awsglue-datasets/*"
                ],
                "sid": ""
              }
            ],
            "version": "2012-10-17"
          },
          "sensitive_attributes": []
        }
      ]
    },
    {
      "mode": "data",
      "type": "aws_iam_policy_document",
      "name": "glue_execution_assume_role_policy",
      "provider": "provider[\"registry.terraform.io/hashicorp/aws\"]",
      "instances": [
        {
          "schema_version": 0,
          "attributes": {
            "id": "2681768870",
            "json": "{\n  \"Version\": \"2012-10-17\",\n  \"Statement\": [\n    {\n      \"Effect\": \"Allow\",\n      \"Action\": \"sts:AssumeRole\",\n      \"Principal\": {\n        \"Service\": \"glue.amazonaws.com\"\n      }\n    }\n  ]\n}",
            "override_json": null,
            "override_policy_documents": null,
            "policy_id": null,
            "source_json": null,
            "source_policy_documents": null,
            "statement": [
              {
                "actions": [
                  "sts:AssumeRole"
                ],
                "condition": [],
                "effect": "Allow",
                "not_actions": [],
                "not_principals": [],
                "not_resources": [],
                "principals": [
                  {
                    "identifiers": [
                      "glue.amazonaws.com"
                    ],
                    "type": "Service"
                  }
                ],
                "resources": [],
                "sid": ""
              }
            ],
            "version": "2012-10-17"
          },
          "sensitive_attributes": []
        }
      ]
    },
    {
      "mode": "managed",
      "type": "aws_glue_connection",
      "name": "sample_jdbc_connection",
      "provider": "provider[\"registry.terraform.io/hashicorp/aws\"]",
      "instances": [
        {
          "schema_version": 0,
          "attributes": {
            "arn": "arn:aws:glue:us-east-1:036249831903:connection/sample-jdbc-connection",
            "catalog_id": "036249831903",
            "connection_properties": {
              "JDBC_CONNECTION_URL": "jdbc:mysql://your-database-host:3306/your_database",
              "PASSWORD": "your_password",
              "USERNAME": "your_username"
            },
            "connection_type": "JDBC",
            "description": "sample JDBC connection",
            "id": "036249831903:sample-jdbc-connection",
            "match_criteria": [],
            "name": "sample-jdbc-connection",
            "physical_connection_requirements": [],
            "tags": {},
            "tags_all": {}
          },
          "sensitive_attributes": [],
          "private": "bnVsbA=="
        }
      ]
    },
    {
      "mode": "managed",
      "type": "aws_glue_job",
      "name": "test_deploy_script",
      "provider": "provider[\"registry.terraform.io/hashicorp/aws\"]",
      "instances": [
        {
          "schema_version": 0,
          "attributes": {
            "arn": "arn:aws:glue:us-east-1:036249831903:job/TestDeployScript",
            "command": [
              {
                "name": "glueetl",
                "python_version": "3",
                "runtime": "",
                "script_location": "s3://test-mwaa-shakeout/glue/scripts/TestDeployScript.py"
              }
            ],
            "connections": [
              "sample-jdbc-connection"
            ],
            "default_arguments": {
              "--class": "GlueApp",
              "--conf": "spark.sql.extensions=org.apache.iceberg.spark.extensions.IcebergSparkSessionExtensions  --conf spark.sql.catalog.glue_catalog=org.apache.iceberg.spark.SparkCatalog  --conf spark.sql.catalog.glue_catalog.warehouse=s3://tnt-erp-sql/ --conf spark.sql.catalog.glue_catalog.catalog-impl=org.apache.iceberg.aws.glue.GlueCatalog  --conf spark.sql.catalog.glue_catalog.io-impl=org.apache.iceberg.aws.s3.S3FileIO",
              "--datalake-formats": "iceberg",
              "--enable-auto-scaling": "false",
              "--enable-continuous-cloudwatch-log": "true",
              "--enable-continuous-log-filter": "true",
              "--enable-glue-datacatalog": "true",
              "--enable-job-insights": "true",
              "--job-bookmark-option": "job-bookmark-disable",
              "--job-language": "python"
            },
            "description": "test the deployment of an aws glue job to aws glue service with terraform",
            "execution_class": "FLEX",
            "execution_property": [
              {
                "max_concurrent_runs": 1
              }
            ],
            "glue_version": "4.0",
            "id": "TestDeployScript",
            "max_capacity": 2,
            "max_retries": 0,
            "name": "TestDeployScript",
            "non_overridable_arguments": {},
            "notification_property": [],
            "number_of_workers": 2,
            "role_arn": "arn:aws:iam::036249831903:role/aws_glue_job_runner",
            "security_configuration": "",
            "tags": {
              "project": "terraform_glue_job_deployment"
            },
            "tags_all": {
              "project": "terraform_glue_job_deployment"
            },
            "timeout": 60,
            "worker_type": "G.1X"
          },
          "sensitive_attributes": [],
          "private": "bnVsbA==",
          "dependencies": [
            "aws_glue_connection.sample_jdbc_connection",
            "aws_iam_role.glue_service_role",
            "data.aws_iam_policy_document.glue_execution_assume_role_policy"
          ]
        }
      ]
    },
    {
      "mode": "managed",
      "type": "aws_glue_trigger",
      "name": "test_glue_trigger",
      "provider": "provider[\"registry.terraform.io/hashicorp/aws\"]",
      "instances": [
        {
          "schema_version": 0,
          "attributes": {
            "actions": [
              {
                "arguments": {},
                "crawler_name": "",
                "job_name": "TestDeployScript",
                "notification_property": [],
                "security_configuration": "",
                "timeout": 0
              }
            ],
            "arn": "arn:aws:glue:us-east-1:036249831903:trigger/test-glue-trigger",
            "description": "",
            "enabled": true,
            "event_batching_condition": [],
            "id": "test-glue-trigger",
            "name": "test-glue-trigger",
            "predicate": [],
            "schedule": "cron(0 0 * * ? *)",
            "start_on_creation": null,
            "state": "ACTIVATED",
            "tags": {},
            "tags_all": {},
            "timeouts": null,
            "type": "SCHEDULED",
            "workflow_name": ""
          },
          "sensitive_attributes": [],
          "private": "eyJlMmJmYjczMC1lY2FhLTExZTYtOGY4OC0zNDM2M2JjN2M0YzAiOnsiY3JlYXRlIjozMDAwMDAwMDAwMDAsImRlbGV0ZSI6MzAwMDAwMDAwMDAwLCJ1cGRhdGUiOjMwMDAwMDAwMDAwMH19",
          "dependencies": [
            "aws_glue_connection.sample_jdbc_connection",
            "aws_glue_job.test_deploy_script",
            "aws_iam_role.glue_service_role",
            "data.aws_iam_policy_document.glue_execution_assume_role_policy"
          ]
        }
      ]
    },
    {
      "mode": "managed",
      "type": "aws_iam_policy",
      "name": "data_lake_access_policy",
      "provider": "provider[\"registry.terraform.io/hashicorp/aws\"]",
      "instances": [
        {
          "schema_version": 0,
          "attributes": {
            "arn": "arn:aws:iam::036249831903:policy/s3DataLakePolicy-test-mwaa-shakeout",
            "attachment_count": 1,
            "description": "allows for running glue job in the glue console and access my s3_bucket",
            "id": "arn:aws:iam::036249831903:policy/s3DataLakePolicy-test-mwaa-shakeout",
            "name": "s3DataLakePolicy-test-mwaa-shakeout",
            "name_prefix": "",
            "path": "/",
            "policy": "{\"Statement\":[{\"Action\":[\"s3:PutObject\",\"s3:GetObject\",\"s3:DeleteObject\"],\"Effect\":\"Allow\",\"Resource\":\"arn:aws:s3:::test-mwaa-shakeout/*\"},{\"Action\":\"s3:ListBucket\",\"Effect\":\"Allow\",\"Resource\":[\"arn:aws:s3:::test-mwaa-shakeout/\",\"arn:aws:s3:::awsglue-datasets/\"]},{\"Action\":\"s3:GetObject\",\"Effect\":\"Allow\",\"Resource\":\"arn:aws:s3:::awsglue-datasets/*\"}],\"Version\":\"2012-10-17\"}",
            "policy_id": "ANPAQQ4FIRHPXO5PO622K",
            "tags": {
              "Application": "terraform_glue_job_deployment"
            },
            "tags_all": {
              "Application": "terraform_glue_job_deployment"
            }
          },
          "sensitive_attributes": [],
          "private": "bnVsbA==",
          "dependencies": [
            "data.aws_iam_policy_document.data_lake_policy"
          ]
        }
      ]
    },
    {
      "mode": "managed",
      "type": "aws_iam_role",
      "name": "glue_service_role",
      "provider": "provider[\"registry.terraform.io/hashicorp/aws\"]",
      "instances": [
        {
          "schema_version": 0,
          "attributes": {
            "arn": "arn:aws:iam::036249831903:role/aws_glue_job_runner",
            "assume_role_policy": "{\"Statement\":[{\"Action\":\"sts:AssumeRole\",\"Effect\":\"Allow\",\"Principal\":{\"Service\":\"glue.amazonaws.com\"}}],\"Version\":\"2012-10-17\"}",
            "create_date": "2024-05-08T23:16:56Z",
            "description": "",
            "force_detach_policies": false,
            "id": "aws_glue_job_runner",
            "inline_policy": [],
            "managed_policy_arns": [
              "arn:aws:iam::036249831903:policy/s3DataLakePolicy-test-mwaa-shakeout"
            ],
            "max_session_duration": 3600,
            "name": "aws_glue_job_runner",
            "name_prefix": "",
            "path": "/",
            "permissions_boundary": "",
            "tags": {
              "Application": "terraform_glue_job_deployment"
            },
            "tags_all": {
              "Application": "terraform_glue_job_deployment"
            },
            "unique_id": "AROAQQ4FIRHPZJYRB5YY7"
          },
          "sensitive_attributes": [],
          "private": "bnVsbA==",
          "dependencies": [
            "data.aws_iam_policy_document.glue_execution_assume_role_policy"
          ]
        }
      ]
    },
    {
      "mode": "managed",
      "type": "aws_iam_role_policy_attachment",
      "name": "data_lake_permissions",
      "provider": "provider[\"registry.terraform.io/hashicorp/aws\"]",
      "instances": [
        {
          "schema_version": 0,
          "attributes": {
            "id": "aws_glue_job_runner-20240508231656812700000001",
            "policy_arn": "arn:aws:iam::036249831903:policy/s3DataLakePolicy-test-mwaa-shakeout",
            "role": "aws_glue_job_runner"
          },
          "sensitive_attributes": [],
          "private": "bnVsbA==",
          "dependencies": [
            "aws_iam_policy.data_lake_access_policy",
            "aws_iam_role.glue_service_role",
            "data.aws_iam_policy_document.data_lake_policy",
            "data.aws_iam_policy_document.glue_execution_assume_role_policy"
          ]
        }
      ]
    },
    {
      "mode": "managed",
      "type": "aws_s3_object",
      "name": "test_deploy_script_s3",
      "provider": "provider[\"registry.terraform.io/hashicorp/aws\"]",
      "instances": [
        {
          "schema_version": 0,
          "attributes": {
            "acl": null,
            "arn": "arn:aws:s3:::test-mwaa-shakeout/glue/scripts/TestDeployScript.py",
            "bucket": "test-mwaa-shakeout",
            "bucket_key_enabled": false,
            "cache_control": "",
            "checksum_algorithm": null,
            "checksum_crc32": "",
            "checksum_crc32c": "",
            "checksum_sha1": "",
            "checksum_sha256": "",
            "content": null,
            "content_base64": null,
            "content_disposition": "",
            "content_encoding": "",
            "content_language": "",
            "content_type": "application/octet-stream",
            "etag": "f9fc90f6a9e3ff4d610822f6715f8c43",
            "force_destroy": false,
            "id": "glue/scripts/TestDeployScript.py",
            "key": "glue/scripts/TestDeployScript.py",
            "kms_key_id": null,
            "metadata": {},
            "object_lock_legal_hold_status": "",
            "object_lock_mode": "",
            "object_lock_retain_until_date": "",
            "override_provider": [],
            "server_side_encryption": "AES256",
            "source": "./glue/TestDeployScript.py",
            "source_hash": null,
            "storage_class": "STANDARD",
            "tags": {},
            "tags_all": {},
            "version_id": "",
            "website_redirect": ""
          },
          "sensitive_attributes": [],
          "private": "bnVsbA=="
        }
      ]
    }
  ],
  "check_results": null
}
